// !$*UTF8*$!
{
	archiveVersion = 1;
	classes = {
	};
	objectVersion = 48;
	objects = {

/* Begin PBXBuildFile section */
		075123FBFD7607FC4D955E05 /* Pods_honhaSukidesukaUITests.framework in Frameworks */ = {isa = PBXBuildFile; fileRef = AF1168CA1962930998DA4E57 /* Pods_honhaSukidesukaUITests.framework */; };
		6D916AC9D2AD76F6B6A0DB58 /* Pods_honhaSukidesuka.framework in Frameworks */ = {isa = PBXBuildFile; fileRef = 60FA4D88C38FDA8EF9112FFF /* Pods_honhaSukidesuka.framework */; };
		B23A11C920A065EB009E4CC6 /* IQKeyboardManagerSwift.framework in Frameworks */ = {isa = PBXBuildFile; fileRef = B23A11CA20A065EB009E4CC6 /* IQKeyboardManagerSwift.framework */; };
		B23A11CC20A14934009E4CC6 /* Generics.swift in Sources */ = {isa = PBXBuildFile; fileRef = B23A11CB20A14934009E4CC6 /* Generics.swift */; };
		B23A11D320A164B2009E4CC6 /* UIDevice+Blur.swift in Sources */ = {isa = PBXBuildFile; fileRef = B23A11CF20A164B2009E4CC6 /* UIDevice+Blur.swift */; };
		B23A11D420A164B2009E4CC6 /* UIDevice+Platform.swift in Sources */ = {isa = PBXBuildFile; fileRef = B23A11D020A164B2009E4CC6 /* UIDevice+Platform.swift */; };
		B23A11D520A164B2009E4CC6 /* StatusAlert.swift in Sources */ = {isa = PBXBuildFile; fileRef = B23A11D120A164B2009E4CC6 /* StatusAlert.swift */; };
		B23A11D620A164B2009E4CC6 /* StatusAlertUtils.swift in Sources */ = {isa = PBXBuildFile; fileRef = B23A11D220A164B2009E4CC6 /* StatusAlertUtils.swift */; };
		B248F8D32006EEC100B37F3D /* CollectionViewController.swift in Sources */ = {isa = PBXBuildFile; fileRef = B248F8D22006EEC100B37F3D /* CollectionViewController.swift */; };
		B248F8D52006F9A100B37F3D /* detailViewController.swift in Sources */ = {isa = PBXBuildFile; fileRef = B248F8D42006F9A100B37F3D /* detailViewController.swift */; };
		B262ADA220077CA3005A8D86 /* FontAwesome.otf in Resources */ = {isa = PBXBuildFile; fileRef = B262ADA120077A46005A8D86 /* FontAwesome.otf */; };
		B262ADA420079E7D005A8D86 /* SideMenu.swift in Sources */ = {isa = PBXBuildFile; fileRef = B262ADA320079E7D005A8D86 /* SideMenu.swift */; };
		B262ADAF2007B0C1005A8D86 /* read.svg in Resources */ = {isa = PBXBuildFile; fileRef = B262ADAD2007B0C0005A8D86 /* read.svg */; };
		B262ADB02007B0C1005A8D86 /* search.svg in Resources */ = {isa = PBXBuildFile; fileRef = B262ADAE2007B0C1005A8D86 /* search.svg */; };
		B262ADB22007B114005A8D86 /* surarin.svg in Resources */ = {isa = PBXBuildFile; fileRef = B262ADB12007B113005A8D86 /* surarin.svg */; };
		B262ADB42007BB20005A8D86 /* Okayu_icon.jpg in Resources */ = {isa = PBXBuildFile; fileRef = B262ADB32007BB1F005A8D86 /* Okayu_icon.jpg */; };
		B262ADB7200812B1005A8D86 /* read.png in Resources */ = {isa = PBXBuildFile; fileRef = B262ADB5200812B1005A8D86 /* read.png */; };
		B262ADB8200812B1005A8D86 /* search.png in Resources */ = {isa = PBXBuildFile; fileRef = B262ADB6200812B1005A8D86 /* search.png */; };
		B28613F22005A41000D11292 /* AppDelegate.swift in Sources */ = {isa = PBXBuildFile; fileRef = B28613F12005A41000D11292 /* AppDelegate.swift */; };
		B28613F72005A41000D11292 /* Main.storyboard in Resources */ = {isa = PBXBuildFile; fileRef = B28613F52005A41000D11292 /* Main.storyboard */; };
		B28613FA2005A41000D11292 /* honhaSukidesuka.xcdatamodeld in Sources */ = {isa = PBXBuildFile; fileRef = B28613F82005A41000D11292 /* honhaSukidesuka.xcdatamodeld */; };
		B28613FC2005A41000D11292 /* Assets.xcassets in Resources */ = {isa = PBXBuildFile; fileRef = B28613FB2005A41000D11292 /* Assets.xcassets */; };
		B28613FF2005A41000D11292 /* LaunchScreen.storyboard in Resources */ = {isa = PBXBuildFile; fileRef = B28613FD2005A41000D11292 /* LaunchScreen.storyboard */; };
		B286140A2005A41000D11292 /* honhaSukidesukaTests.swift in Sources */ = {isa = PBXBuildFile; fileRef = B28614092005A41000D11292 /* honhaSukidesukaTests.swift */; };
		B28614152005A41100D11292 /* honhaSukidesukaUITests.swift in Sources */ = {isa = PBXBuildFile; fileRef = B28614142005A41100D11292 /* honhaSukidesukaUITests.swift */; };
		B28614232006526500D11292 /* ingLocalImage.swift in Sources */ = {isa = PBXBuildFile; fileRef = B28614222006526400D11292 /* ingLocalImage.swift */; };
		B28614252006527000D11292 /* macro.swift in Sources */ = {isa = PBXBuildFile; fileRef = B28614242006527000D11292 /* macro.swift */; };
		B28614272006528D00D11292 /* ingCoreData.swift in Sources */ = {isa = PBXBuildFile; fileRef = B28614262006528D00D11292 /* ingCoreData.swift */; };
		B2861432200665B700D11292 /* RecommendBookList+CoreDataClass.swift in Sources */ = {isa = PBXBuildFile; fileRef = B2861430200665B700D11292 /* RecommendBookList+CoreDataClass.swift */; };
		B2861433200665B700D11292 /* RecommendBookList+CoreDataProperties.swift in Sources */ = {isa = PBXBuildFile; fileRef = B2861431200665B700D11292 /* RecommendBookList+CoreDataProperties.swift */; };
		B286143620066ADF00D11292 /* noimage.png in Resources */ = {isa = PBXBuildFile; fileRef = B286143520066ADF00D11292 /* noimage.png */; };
		B286143820066E1200D11292 /* submitViewController.swift in Sources */ = {isa = PBXBuildFile; fileRef = B286143720066E1200D11292 /* submitViewController.swift */; };
		B286143A2006885F00D11292 /* customCell.swift in Sources */ = {isa = PBXBuildFile; fileRef = B28614392006885F00D11292 /* customCell.swift */; };
		B2A0B86A557D83562E4F231E /* Pods_honhaSukidesukaTests.framework in Frameworks */ = {isa = PBXBuildFile; fileRef = 14284A81C2C1006DCFABBD44 /* Pods_honhaSukidesukaTests.framework */; };
/* End PBXBuildFile section */

/* Begin PBXContainerItemProxy section */
		B28614062005A41000D11292 /* PBXContainerItemProxy */ = {
			isa = PBXContainerItemProxy;
			containerPortal = B28613E62005A41000D11292 /* Project object */;
			proxyType = 1;
			remoteGlobalIDString = B28613ED2005A41000D11292;
			remoteInfo = honhaSukidesuka;
		};
		B28614112005A41100D11292 /* PBXContainerItemProxy */ = {
			isa = PBXContainerItemProxy;
			containerPortal = B28613E62005A41000D11292 /* Project object */;
			proxyType = 1;
			remoteGlobalIDString = B28613ED2005A41000D11292;
			remoteInfo = honhaSukidesuka;
		};
/* End PBXContainerItemProxy section */

/* Begin PBXFileReference section */
		138C6474EE53EB079E392212 /* Pods-honhaSukidesukaTests.release.xcconfig */ = {isa = PBXFileReference; includeInIndex = 1; lastKnownFileType = text.xcconfig; name = "Pods-honhaSukidesukaTests.release.xcconfig"; path = "Pods/Target Support Files/Pods-honhaSukidesukaTests/Pods-honhaSukidesukaTests.release.xcconfig"; sourceTree = "<group>"; };
		14284A81C2C1006DCFABBD44 /* Pods_honhaSukidesukaTests.framework */ = {isa = PBXFileReference; explicitFileType = wrapper.framework; includeInIndex = 0; path = Pods_honhaSukidesukaTests.framework; sourceTree = BUILT_PRODUCTS_DIR; };
		2C88AA70DD4DE2E01DB6F2B2 /* Pods-honhaSukidesukaUITests.debug.xcconfig */ = {isa = PBXFileReference; includeInIndex = 1; lastKnownFileType = text.xcconfig; name = "Pods-honhaSukidesukaUITests.debug.xcconfig"; path = "Pods/Target Support Files/Pods-honhaSukidesukaUITests/Pods-honhaSukidesukaUITests.debug.xcconfig"; sourceTree = "<group>"; };
		436F8C25F349FCD82E9F6AAC /* Pods-honhaSukidesuka.debug.xcconfig */ = {isa = PBXFileReference; includeInIndex = 1; lastKnownFileType = text.xcconfig; name = "Pods-honhaSukidesuka.debug.xcconfig"; path = "Pods/Target Support Files/Pods-honhaSukidesuka/Pods-honhaSukidesuka.debug.xcconfig"; sourceTree = "<group>"; };
		571C691A935AD5ABC794821F /* Pods-honhaSukidesuka.release.xcconfig */ = {isa = PBXFileReference; includeInIndex = 1; lastKnownFileType = text.xcconfig; name = "Pods-honhaSukidesuka.release.xcconfig"; path = "Pods/Target Support Files/Pods-honhaSukidesuka/Pods-honhaSukidesuka.release.xcconfig"; sourceTree = "<group>"; };
		60FA4D88C38FDA8EF9112FFF /* Pods_honhaSukidesuka.framework */ = {isa = PBXFileReference; explicitFileType = wrapper.framework; includeInIndex = 0; path = Pods_honhaSukidesuka.framework; sourceTree = BUILT_PRODUCTS_DIR; };
		6E69105D68232A4B59DBAF20 /* Pods-honhaSukidesukaUITests.release.xcconfig */ = {isa = PBXFileReference; includeInIndex = 1; lastKnownFileType = text.xcconfig; name = "Pods-honhaSukidesukaUITests.release.xcconfig"; path = "Pods/Target Support Files/Pods-honhaSukidesukaUITests/Pods-honhaSukidesukaUITests.release.xcconfig"; sourceTree = "<group>"; };
		AF1168CA1962930998DA4E57 /* Pods_honhaSukidesukaUITests.framework */ = {isa = PBXFileReference; explicitFileType = wrapper.framework; includeInIndex = 0; path = Pods_honhaSukidesukaUITests.framework; sourceTree = BUILT_PRODUCTS_DIR; };
		B23A11CA20A065EB009E4CC6 /* IQKeyboardManagerSwift.framework */ = {isa = PBXFileReference; explicitFileType = wrapper.framework; path = IQKeyboardManagerSwift.framework; sourceTree = BUILT_PRODUCTS_DIR; };
		B23A11CB20A14934009E4CC6 /* Generics.swift */ = {isa = PBXFileReference; lastKnownFileType = sourcecode.swift; path = Generics.swift; sourceTree = "<group>"; };
		B23A11CF20A164B2009E4CC6 /* UIDevice+Blur.swift */ = {isa = PBXFileReference; fileEncoding = 4; lastKnownFileType = sourcecode.swift; path = "UIDevice+Blur.swift"; sourceTree = "<group>"; };
		B23A11D020A164B2009E4CC6 /* UIDevice+Platform.swift */ = {isa = PBXFileReference; fileEncoding = 4; lastKnownFileType = sourcecode.swift; path = "UIDevice+Platform.swift"; sourceTree = "<group>"; };
		B23A11D120A164B2009E4CC6 /* StatusAlert.swift */ = {isa = PBXFileReference; fileEncoding = 4; lastKnownFileType = sourcecode.swift; path = StatusAlert.swift; sourceTree = "<group>"; };
		B23A11D220A164B2009E4CC6 /* StatusAlertUtils.swift */ = {isa = PBXFileReference; fileEncoding = 4; lastKnownFileType = sourcecode.swift; path = StatusAlertUtils.swift; sourceTree = "<group>"; };
		B248F8D22006EEC100B37F3D /* CollectionViewController.swift */ = {isa = PBXFileReference; lastKnownFileType = sourcecode.swift; path = CollectionViewController.swift; sourceTree = "<group>"; };
		B248F8D42006F9A100B37F3D /* detailViewController.swift */ = {isa = PBXFileReference; lastKnownFileType = sourcecode.swift; path = detailViewController.swift; sourceTree = "<group>"; };
		B262ADA120077A46005A8D86 /* FontAwesome.otf */ = {isa = PBXFileReference; lastKnownFileType = file; path = FontAwesome.otf; sourceTree = "<group>"; };
		B262ADA320079E7D005A8D86 /* SideMenu.swift */ = {isa = PBXFileReference; lastKnownFileType = sourcecode.swift; path = SideMenu.swift; sourceTree = "<group>"; };
		B262ADAD2007B0C0005A8D86 /* read.svg */ = {isa = PBXFileReference; fileEncoding = 4; lastKnownFileType = text.xml; path = read.svg; sourceTree = "<group>"; };
		B262ADAE2007B0C1005A8D86 /* search.svg */ = {isa = PBXFileReference; fileEncoding = 4; lastKnownFileType = text.xml; path = search.svg; sourceTree = "<group>"; };
		B262ADB12007B113005A8D86 /* surarin.svg */ = {isa = PBXFileReference; fileEncoding = 4; lastKnownFileType = text.xml; path = surarin.svg; sourceTree = "<group>"; };
		B262ADB32007BB1F005A8D86 /* Okayu_icon.jpg */ = {isa = PBXFileReference; lastKnownFileType = image.jpeg; path = Okayu_icon.jpg; sourceTree = "<group>"; };
		B262ADB5200812B1005A8D86 /* read.png */ = {isa = PBXFileReference; lastKnownFileType = image.png; path = read.png; sourceTree = "<group>"; };
		B262ADB6200812B1005A8D86 /* search.png */ = {isa = PBXFileReference; lastKnownFileType = image.png; path = search.png; sourceTree = "<group>"; };
		B28613EE2005A41000D11292 /* honhaSukidesuka.app */ = {isa = PBXFileReference; explicitFileType = wrapper.application; includeInIndex = 0; path = honhaSukidesuka.app; sourceTree = BUILT_PRODUCTS_DIR; };
		B28613F12005A41000D11292 /* AppDelegate.swift */ = {isa = PBXFileReference; lastKnownFileType = sourcecode.swift; path = AppDelegate.swift; sourceTree = "<group>"; };
		B28613F62005A41000D11292 /* Base */ = {isa = PBXFileReference; lastKnownFileType = file.storyboard; name = Base; path = Base.lproj/Main.storyboard; sourceTree = "<group>"; };
		B28613F92005A41000D11292 /* honhaSukidesuka.xcdatamodel */ = {isa = PBXFileReference; lastKnownFileType = wrapper.xcdatamodel; path = honhaSukidesuka.xcdatamodel; sourceTree = "<group>"; };
		B28613FB2005A41000D11292 /* Assets.xcassets */ = {isa = PBXFileReference; lastKnownFileType = folder.assetcatalog; path = Assets.xcassets; sourceTree = "<group>"; };
		B28613FE2005A41000D11292 /* Base */ = {isa = PBXFileReference; lastKnownFileType = file.storyboard; name = Base; path = Base.lproj/LaunchScreen.storyboard; sourceTree = "<group>"; };
		B28614002005A41000D11292 /* Info.plist */ = {isa = PBXFileReference; lastKnownFileType = text.plist.xml; path = Info.plist; sourceTree = "<group>"; };
		B28614052005A41000D11292 /* honhaSukidesukaTests.xctest */ = {isa = PBXFileReference; explicitFileType = wrapper.cfbundle; includeInIndex = 0; path = honhaSukidesukaTests.xctest; sourceTree = BUILT_PRODUCTS_DIR; };
		B28614092005A41000D11292 /* honhaSukidesukaTests.swift */ = {isa = PBXFileReference; lastKnownFileType = sourcecode.swift; path = honhaSukidesukaTests.swift; sourceTree = "<group>"; };
		B286140B2005A41000D11292 /* Info.plist */ = {isa = PBXFileReference; lastKnownFileType = text.plist.xml; path = Info.plist; sourceTree = "<group>"; };
		B28614102005A41100D11292 /* honhaSukidesukaUITests.xctest */ = {isa = PBXFileReference; explicitFileType = wrapper.cfbundle; includeInIndex = 0; path = honhaSukidesukaUITests.xctest; sourceTree = BUILT_PRODUCTS_DIR; };
		B28614142005A41100D11292 /* honhaSukidesukaUITests.swift */ = {isa = PBXFileReference; lastKnownFileType = sourcecode.swift; path = honhaSukidesukaUITests.swift; sourceTree = "<group>"; };
		B28614162005A41100D11292 /* Info.plist */ = {isa = PBXFileReference; lastKnownFileType = text.plist.xml; path = Info.plist; sourceTree = "<group>"; };
		B28614222006526400D11292 /* ingLocalImage.swift */ = {isa = PBXFileReference; fileEncoding = 4; lastKnownFileType = sourcecode.swift; path = ingLocalImage.swift; sourceTree = "<group>"; };
		B28614242006527000D11292 /* macro.swift */ = {isa = PBXFileReference; fileEncoding = 4; lastKnownFileType = sourcecode.swift; path = macro.swift; sourceTree = "<group>"; };
		B28614262006528D00D11292 /* ingCoreData.swift */ = {isa = PBXFileReference; fileEncoding = 4; lastKnownFileType = sourcecode.swift; path = ingCoreData.swift; sourceTree = "<group>"; };
		B2861430200665B700D11292 /* RecommendBookList+CoreDataClass.swift */ = {isa = PBXFileReference; lastKnownFileType = sourcecode.swift; path = "RecommendBookList+CoreDataClass.swift"; sourceTree = "<group>"; };
		B2861431200665B700D11292 /* RecommendBookList+CoreDataProperties.swift */ = {isa = PBXFileReference; lastKnownFileType = sourcecode.swift; path = "RecommendBookList+CoreDataProperties.swift"; sourceTree = "<group>"; };
		B286143520066ADF00D11292 /* noimage.png */ = {isa = PBXFileReference; lastKnownFileType = image.png; path = noimage.png; sourceTree = "<group>"; };
		B286143720066E1200D11292 /* submitViewController.swift */ = {isa = PBXFileReference; lastKnownFileType = sourcecode.swift; path = submitViewController.swift; sourceTree = "<group>"; };
		B28614392006885F00D11292 /* customCell.swift */ = {isa = PBXFileReference; fileEncoding = 4; lastKnownFileType = sourcecode.swift; path = customCell.swift; sourceTree = "<group>"; };
		CD454F80A878B313CA04650D /* Pods-honhaSukidesukaTests.debug.xcconfig */ = {isa = PBXFileReference; includeInIndex = 1; lastKnownFileType = text.xcconfig; name = "Pods-honhaSukidesukaTests.debug.xcconfig"; path = "Pods/Target Support Files/Pods-honhaSukidesukaTests/Pods-honhaSukidesukaTests.debug.xcconfig"; sourceTree = "<group>"; };
/* End PBXFileReference section */

/* Begin PBXFrameworksBuildPhase section */
		B28613EB2005A41000D11292 /* Frameworks */ = {
			isa = PBXFrameworksBuildPhase;
			buildActionMask = 2147483647;
			files = (
				B23A11C920A065EB009E4CC6 /* IQKeyboardManagerSwift.framework in Frameworks */,
				6D916AC9D2AD76F6B6A0DB58 /* Pods_honhaSukidesuka.framework in Frameworks */,
			);
			runOnlyForDeploymentPostprocessing = 0;
		};
		B28614022005A41000D11292 /* Frameworks */ = {
			isa = PBXFrameworksBuildPhase;
			buildActionMask = 2147483647;
			files = (
				B2A0B86A557D83562E4F231E /* Pods_honhaSukidesukaTests.framework in Frameworks */,
			);
			runOnlyForDeploymentPostprocessing = 0;
		};
		B286140D2005A41100D11292 /* Frameworks */ = {
			isa = PBXFrameworksBuildPhase;
			buildActionMask = 2147483647;
			files = (
				075123FBFD7607FC4D955E05 /* Pods_honhaSukidesukaUITests.framework in Frameworks */,
			);
			runOnlyForDeploymentPostprocessing = 0;
		};
/* End PBXFrameworksBuildPhase section */

/* Begin PBXGroup section */
		B23A11CD20A164B2009E4CC6 /* StatusAlert */ = {
			isa = PBXGroup;
			children = (
				B23A11CE20A164B2009E4CC6 /* Extensions */,
				B23A11D120A164B2009E4CC6 /* StatusAlert.swift */,
				B23A11D220A164B2009E4CC6 /* StatusAlertUtils.swift */,
			);
			path = StatusAlert;
			sourceTree = SOURCE_ROOT;
		};
		B23A11CE20A164B2009E4CC6 /* Extensions */ = {
			isa = PBXGroup;
			children = (
				B23A11CF20A164B2009E4CC6 /* UIDevice+Blur.swift */,
				B23A11D020A164B2009E4CC6 /* UIDevice+Platform.swift */,
			);
			path = Extensions;
			sourceTree = "<group>";
		};
		B28613E52005A41000D11292 = {
			isa = PBXGroup;
			children = (
				B2861430200665B700D11292 /* RecommendBookList+CoreDataClass.swift */,
				B2861431200665B700D11292 /* RecommendBookList+CoreDataProperties.swift */,
				B28613F02005A41000D11292 /* honhaSukidesuka */,
				B28614082005A41000D11292 /* honhaSukidesukaTests */,
				B28614132005A41100D11292 /* honhaSukidesukaUITests */,
				B28613EF2005A41000D11292 /* Products */,
				E407B329C04F2124C8DEF459 /* Pods */,
				DBE9CEFEEA913DD759FD7042 /* Frameworks */,
			);
			sourceTree = "<group>";
		};
		B28613EF2005A41000D11292 /* Products */ = {
			isa = PBXGroup;
			children = (
				B28613EE2005A41000D11292 /* honhaSukidesuka.app */,
				B28614052005A41000D11292 /* honhaSukidesukaTests.xctest */,
				B28614102005A41100D11292 /* honhaSukidesukaUITests.xctest */,
			);
			name = Products;
			sourceTree = "<group>";
		};
		B28613F02005A41000D11292 /* honhaSukidesuka */ = {
			isa = PBXGroup;
			children = (
				B248F8D22006EEC100B37F3D /* CollectionViewController.swift */,
				B28613F12005A41000D11292 /* AppDelegate.swift */,
				B286143720066E1200D11292 /* submitViewController.swift */,
				B23A11CB20A14934009E4CC6 /* Generics.swift */,
				B28614392006885F00D11292 /* customCell.swift */,
				B248F8D42006F9A100B37F3D /* detailViewController.swift */,
				B28613F52005A41000D11292 /* Main.storyboard */,
				B262ADA320079E7D005A8D86 /* SideMenu.swift */,
				B28614242006527000D11292 /* macro.swift */,
				B28614222006526400D11292 /* ingLocalImage.swift */,
				B28614262006528D00D11292 /* ingCoreData.swift */,
				B28613FB2005A41000D11292 /* Assets.xcassets */,
				B23A11CD20A164B2009E4CC6 /* StatusAlert */,
				B28613FD2005A41000D11292 /* LaunchScreen.storyboard */,
				B28614002005A41000D11292 /* Info.plist */,
				B28613F82005A41000D11292 /* honhaSukidesuka.xcdatamodeld */,
				B286143420066ADF00D11292 /* source */,
			);
			path = honhaSukidesuka;
			sourceTree = "<group>";
		};
		B28614082005A41000D11292 /* honhaSukidesukaTests */ = {
			isa = PBXGroup;
			children = (
				B28614092005A41000D11292 /* honhaSukidesukaTests.swift */,
				B286140B2005A41000D11292 /* Info.plist */,
			);
			path = honhaSukidesukaTests;
			sourceTree = "<group>";
		};
		B28614132005A41100D11292 /* honhaSukidesukaUITests */ = {
			isa = PBXGroup;
			children = (
				B28614142005A41100D11292 /* honhaSukidesukaUITests.swift */,
				B28614162005A41100D11292 /* Info.plist */,
			);
			path = honhaSukidesukaUITests;
			sourceTree = "<group>";
		};
		B286143420066ADF00D11292 /* source */ = {
			isa = PBXGroup;
			children = (
				B262ADAD2007B0C0005A8D86 /* read.svg */,
				B262ADAE2007B0C1005A8D86 /* search.svg */,
				B262ADB12007B113005A8D86 /* surarin.svg */,
				B262ADB5200812B1005A8D86 /* read.png */,
				B262ADB6200812B1005A8D86 /* search.png */,
				B262ADA120077A46005A8D86 /* FontAwesome.otf */,
				B286143520066ADF00D11292 /* noimage.png */,
				B262ADB32007BB1F005A8D86 /* Okayu_icon.jpg */,
			);
			path = source;
			sourceTree = "<group>";
		};
		DBE9CEFEEA913DD759FD7042 /* Frameworks */ = {
			isa = PBXGroup;
			children = (
				B23A11CA20A065EB009E4CC6 /* IQKeyboardManagerSwift.framework */,
				60FA4D88C38FDA8EF9112FFF /* Pods_honhaSukidesuka.framework */,
				14284A81C2C1006DCFABBD44 /* Pods_honhaSukidesukaTests.framework */,
				AF1168CA1962930998DA4E57 /* Pods_honhaSukidesukaUITests.framework */,
			);
			name = Frameworks;
			sourceTree = "<group>";
		};
		E407B329C04F2124C8DEF459 /* Pods */ = {
			isa = PBXGroup;
			children = (
				436F8C25F349FCD82E9F6AAC /* Pods-honhaSukidesuka.debug.xcconfig */,
				571C691A935AD5ABC794821F /* Pods-honhaSukidesuka.release.xcconfig */,
				CD454F80A878B313CA04650D /* Pods-honhaSukidesukaTests.debug.xcconfig */,
				138C6474EE53EB079E392212 /* Pods-honhaSukidesukaTests.release.xcconfig */,
				2C88AA70DD4DE2E01DB6F2B2 /* Pods-honhaSukidesukaUITests.debug.xcconfig */,
				6E69105D68232A4B59DBAF20 /* Pods-honhaSukidesukaUITests.release.xcconfig */,
			);
			name = Pods;
			sourceTree = "<group>";
		};
/* End PBXGroup section */

/* Begin PBXNativeTarget section */
		B28613ED2005A41000D11292 /* honhaSukidesuka */ = {
			isa = PBXNativeTarget;
			buildConfigurationList = B28614192005A41100D11292 /* Build configuration list for PBXNativeTarget "honhaSukidesuka" */;
			buildPhases = (
				B1D0B91644F8D7A7F5C78346 /* [CP] Check Pods Manifest.lock */,
				B28613EA2005A41000D11292 /* Sources */,
				B28613EB2005A41000D11292 /* Frameworks */,
				B28613EC2005A41000D11292 /* Resources */,
				5D282EB54123E3D70112BAB2 /* [CP] Embed Pods Frameworks */,
				CBA274DDE110678F40959510 /* [CP] Copy Pods Resources */,
			);
			buildRules = (
			);
			dependencies = (
			);
			name = honhaSukidesuka;
			productName = honhaSukidesuka;
			productReference = B28613EE2005A41000D11292 /* honhaSukidesuka.app */;
			productType = "com.apple.product-type.application";
		};
		B28614042005A41000D11292 /* honhaSukidesukaTests */ = {
			isa = PBXNativeTarget;
			buildConfigurationList = B286141C2005A41100D11292 /* Build configuration list for PBXNativeTarget "honhaSukidesukaTests" */;
			buildPhases = (
				B90D855619D43D070FEA1603 /* [CP] Check Pods Manifest.lock */,
				B28614012005A41000D11292 /* Sources */,
				B28614022005A41000D11292 /* Frameworks */,
				B28614032005A41000D11292 /* Resources */,
				3CED4FB771C9725B8E04DA86 /* [CP] Embed Pods Frameworks */,
				952DA5E7327706AC0A52DFE9 /* [CP] Copy Pods Resources */,
			);
			buildRules = (
			);
			dependencies = (
				B28614072005A41000D11292 /* PBXTargetDependency */,
			);
			name = honhaSukidesukaTests;
			productName = honhaSukidesukaTests;
			productReference = B28614052005A41000D11292 /* honhaSukidesukaTests.xctest */;
			productType = "com.apple.product-type.bundle.unit-test";
		};
		B286140F2005A41100D11292 /* honhaSukidesukaUITests */ = {
			isa = PBXNativeTarget;
			buildConfigurationList = B286141F2005A41100D11292 /* Build configuration list for PBXNativeTarget "honhaSukidesukaUITests" */;
			buildPhases = (
				23512A10C544C26B58F036EC /* [CP] Check Pods Manifest.lock */,
				B286140C2005A41100D11292 /* Sources */,
				B286140D2005A41100D11292 /* Frameworks */,
				B286140E2005A41100D11292 /* Resources */,
				A26F0D4911B3008C625FC7B5 /* [CP] Embed Pods Frameworks */,
				539EFC7FDA68B90C8843C6A4 /* [CP] Copy Pods Resources */,
			);
			buildRules = (
			);
			dependencies = (
				B28614122005A41100D11292 /* PBXTargetDependency */,
			);
			name = honhaSukidesukaUITests;
			productName = honhaSukidesukaUITests;
			productReference = B28614102005A41100D11292 /* honhaSukidesukaUITests.xctest */;
			productType = "com.apple.product-type.bundle.ui-testing";
		};
/* End PBXNativeTarget section */

/* Begin PBXProject section */
		B28613E62005A41000D11292 /* Project object */ = {
			isa = PBXProject;
			attributes = {
				KnownAssetTags = (
					11,
				);
				LastSwiftUpdateCheck = 0920;
				LastUpgradeCheck = 0920;
				ORGANIZATIONNAME = yuka;
				TargetAttributes = {
					B28613ED2005A41000D11292 = {
						CreatedOnToolsVersion = 9.2;
						ProvisioningStyle = Automatic;
					};
					B28614042005A41000D11292 = {
						CreatedOnToolsVersion = 9.2;
						ProvisioningStyle = Automatic;
						TestTargetID = B28613ED2005A41000D11292;
					};
					B286140F2005A41100D11292 = {
						CreatedOnToolsVersion = 9.2;
						ProvisioningStyle = Automatic;
						TestTargetID = B28613ED2005A41000D11292;
					};
				};
			};
			buildConfigurationList = B28613E92005A41000D11292 /* Build configuration list for PBXProject "honhaSukidesuka" */;
			compatibilityVersion = "Xcode 8.0";
			developmentRegion = en;
			hasScannedForEncodings = 0;
			knownRegions = (
				en,
				Base,
			);
			mainGroup = B28613E52005A41000D11292;
			productRefGroup = B28613EF2005A41000D11292 /* Products */;
			projectDirPath = "";
			projectRoot = "";
			targets = (
				B28613ED2005A41000D11292 /* honhaSukidesuka */,
				B28614042005A41000D11292 /* honhaSukidesukaTests */,
				B286140F2005A41100D11292 /* honhaSukidesukaUITests */,
			);
		};
/* End PBXProject section */

/* Begin PBXResourcesBuildPhase section */
		B28613EC2005A41000D11292 /* Resources */ = {
			isa = PBXResourcesBuildPhase;
			buildActionMask = 2147483647;
			files = (
				B262ADB02007B0C1005A8D86 /* search.svg in Resources */,
				B262ADAF2007B0C1005A8D86 /* read.svg in Resources */,
				B262ADB8200812B1005A8D86 /* search.png in Resources */,
				B262ADA220077CA3005A8D86 /* FontAwesome.otf in Resources */,
				B28613FF2005A41000D11292 /* LaunchScreen.storyboard in Resources */,
				B28613FC2005A41000D11292 /* Assets.xcassets in Resources */,
				B262ADB42007BB20005A8D86 /* Okayu_icon.jpg in Resources */,
				B262ADB22007B114005A8D86 /* surarin.svg in Resources */,
				B286143620066ADF00D11292 /* noimage.png in Resources */,
				B28613F72005A41000D11292 /* Main.storyboard in Resources */,
				B262ADB7200812B1005A8D86 /* read.png in Resources */,
			);
			runOnlyForDeploymentPostprocessing = 0;
		};
		B28614032005A41000D11292 /* Resources */ = {
			isa = PBXResourcesBuildPhase;
			buildActionMask = 2147483647;
			files = (
			);
			runOnlyForDeploymentPostprocessing = 0;
		};
		B286140E2005A41100D11292 /* Resources */ = {
			isa = PBXResourcesBuildPhase;
			buildActionMask = 2147483647;
			files = (
			);
			runOnlyForDeploymentPostprocessing = 0;
		};
/* End PBXResourcesBuildPhase section */

/* Begin PBXShellScriptBuildPhase section */
		23512A10C544C26B58F036EC /* [CP] Check Pods Manifest.lock */ = {
			isa = PBXShellScriptBuildPhase;
			buildActionMask = 2147483647;
			files = (
			);
			inputPaths = (
				"${PODS_PODFILE_DIR_PATH}/Podfile.lock",
				"${PODS_ROOT}/Manifest.lock",
			);
			name = "[CP] Check Pods Manifest.lock";
			outputPaths = (
				"$(DERIVED_FILE_DIR)/Pods-honhaSukidesukaUITests-checkManifestLockResult.txt",
			);
			runOnlyForDeploymentPostprocessing = 0;
			shellPath = /bin/sh;
			shellScript = "diff \"${PODS_PODFILE_DIR_PATH}/Podfile.lock\" \"${PODS_ROOT}/Manifest.lock\" > /dev/null\nif [ $? != 0 ] ; then\n    # print error to STDERR\n    echo \"error: The sandbox is not in sync with the Podfile.lock. Run 'pod install' or update your CocoaPods installation.\" >&2\n    exit 1\nfi\n# This output is used by Xcode 'outputs' to avoid re-running this script phase.\necho \"SUCCESS\" > \"${SCRIPT_OUTPUT_FILE_0}\"\n";
			showEnvVarsInLog = 0;
		};
		3CED4FB771C9725B8E04DA86 /* [CP] Embed Pods Frameworks */ = {
			isa = PBXShellScriptBuildPhase;
			buildActionMask = 2147483647;
			files = (
			);
			inputPaths = (
			);
			name = "[CP] Embed Pods Frameworks";
			outputPaths = (
			);
			runOnlyForDeploymentPostprocessing = 0;
			shellPath = /bin/sh;
			shellScript = "\"${SRCROOT}/Pods/Target Support Files/Pods-honhaSukidesukaTests/Pods-honhaSukidesukaTests-frameworks.sh\"\n";
			showEnvVarsInLog = 0;
		};
		539EFC7FDA68B90C8843C6A4 /* [CP] Copy Pods Resources */ = {
			isa = PBXShellScriptBuildPhase;
			buildActionMask = 2147483647;
			files = (
			);
			inputPaths = (
			);
			name = "[CP] Copy Pods Resources";
			outputPaths = (
			);
			runOnlyForDeploymentPostprocessing = 0;
			shellPath = /bin/sh;
			shellScript = "\"${SRCROOT}/Pods/Target Support Files/Pods-honhaSukidesukaUITests/Pods-honhaSukidesukaUITests-resources.sh\"\n";
			showEnvVarsInLog = 0;
		};
		5D282EB54123E3D70112BAB2 /* [CP] Embed Pods Frameworks */ = {
			isa = PBXShellScriptBuildPhase;
			buildActionMask = 2147483647;
			files = (
			);
			inputPaths = (
				"${SRCROOT}/Pods/Target Support Files/Pods-honhaSukidesuka/Pods-honhaSukidesuka-frameworks.sh",
				"${BUILT_PRODUCTS_DIR}/IQKeyboardManagerSwift/IQKeyboardManagerSwift.framework",
				"${BUILT_PRODUCTS_DIR}/Spring/Spring.framework",
				"${BUILT_PRODUCTS_DIR}/TapticEngine/TapticEngine.framework",
			);
			name = "[CP] Embed Pods Frameworks";
			outputPaths = (
				"${TARGET_BUILD_DIR}/${FRAMEWORKS_FOLDER_PATH}/IQKeyboardManagerSwift.framework",
				"${TARGET_BUILD_DIR}/${FRAMEWORKS_FOLDER_PATH}/Spring.framework",
				"${TARGET_BUILD_DIR}/${FRAMEWORKS_FOLDER_PATH}/TapticEngine.framework",
			);
			runOnlyForDeploymentPostprocessing = 0;
			shellPath = /bin/sh;
			shellScript = "\"${SRCROOT}/Pods/Target Support Files/Pods-honhaSukidesuka/Pods-honhaSukidesuka-frameworks.sh\"\n";
			showEnvVarsInLog = 0;
		};
		952DA5E7327706AC0A52DFE9 /* [CP] Copy Pods Resources */ = {
			isa = PBXShellScriptBuildPhase;
			buildActionMask = 2147483647;
			files = (
			);
			inputPaths = (
			);
			name = "[CP] Copy Pods Resources";
			outputPaths = (
			);
			runOnlyForDeploymentPostprocessing = 0;
			shellPath = /bin/sh;
			shellScript = "\"${SRCROOT}/Pods/Target Support Files/Pods-honhaSukidesukaTests/Pods-honhaSukidesukaTests-resources.sh\"\n";
			showEnvVarsInLog = 0;
		};
		A26F0D4911B3008C625FC7B5 /* [CP] Embed Pods Frameworks */ = {
			isa = PBXShellScriptBuildPhase;
			buildActionMask = 2147483647;
			files = (
			);
			inputPaths = (
			);
			name = "[CP] Embed Pods Frameworks";
			outputPaths = (
			);
			runOnlyForDeploymentPostprocessing = 0;
			shellPath = /bin/sh;
			shellScript = "\"${SRCROOT}/Pods/Target Support Files/Pods-honhaSukidesukaUITests/Pods-honhaSukidesukaUITests-frameworks.sh\"\n";
			showEnvVarsInLog = 0;
		};
		B1D0B91644F8D7A7F5C78346 /* [CP] Check Pods Manifest.lock */ = {
			isa = PBXShellScriptBuildPhase;
			buildActionMask = 2147483647;
			files = (
			);
			inputPaths = (
				"${PODS_PODFILE_DIR_PATH}/Podfile.lock",
				"${PODS_ROOT}/Manifest.lock",
			);
			name = "[CP] Check Pods Manifest.lock";
			outputPaths = (
				"$(DERIVED_FILE_DIR)/Pods-honhaSukidesuka-checkManifestLockResult.txt",
			);
			runOnlyForDeploymentPostprocessing = 0;
			shellPath = /bin/sh;
			shellScript = "diff \"${PODS_PODFILE_DIR_PATH}/Podfile.lock\" \"${PODS_ROOT}/Manifest.lock\" > /dev/null\nif [ $? != 0 ] ; then\n    # print error to STDERR\n    echo \"error: The sandbox is not in sync with the Podfile.lock. Run 'pod install' or update your CocoaPods installation.\" >&2\n    exit 1\nfi\n# This output is used by Xcode 'outputs' to avoid re-running this script phase.\necho \"SUCCESS\" > \"${SCRIPT_OUTPUT_FILE_0}\"\n";
			showEnvVarsInLog = 0;
		};
		B90D855619D43D070FEA1603 /* [CP] Check Pods Manifest.lock */ = {
			isa = PBXShellScriptBuildPhase;
			buildActionMask = 2147483647;
			files = (
			);
			inputPaths = (
				"${PODS_PODFILE_DIR_PATH}/Podfile.lock",
				"${PODS_ROOT}/Manifest.lock",
			);
			name = "[CP] Check Pods Manifest.lock";
			outputPaths = (
				"$(DERIVED_FILE_DIR)/Pods-honhaSukidesukaTests-checkManifestLockResult.txt",
			);
			runOnlyForDeploymentPostprocessing = 0;
			shellPath = /bin/sh;
			shellScript = "diff \"${PODS_PODFILE_DIR_PATH}/Podfile.lock\" \"${PODS_ROOT}/Manifest.lock\" > /dev/null\nif [ $? != 0 ] ; then\n    # print error to STDERR\n    echo \"error: The sandbox is not in sync with the Podfile.lock. Run 'pod install' or update your CocoaPods installation.\" >&2\n    exit 1\nfi\n# This output is used by Xcode 'outputs' to avoid re-running this script phase.\necho \"SUCCESS\" > \"${SCRIPT_OUTPUT_FILE_0}\"\n";
			showEnvVarsInLog = 0;
		};
		CBA274DDE110678F40959510 /* [CP] Copy Pods Resources */ = {
			isa = PBXShellScriptBuildPhase;
			buildActionMask = 2147483647;
			files = (
			);
			inputPaths = (
			);
			name = "[CP] Copy Pods Resources";
			outputPaths = (
			);
			runOnlyForDeploymentPostprocessing = 0;
			shellPath = /bin/sh;
			shellScript = "\"${SRCROOT}/Pods/Target Support Files/Pods-honhaSukidesuka/Pods-honhaSukidesuka-resources.sh\"\n";
			showEnvVarsInLog = 0;
		};
/* End PBXShellScriptBuildPhase section */

/* Begin PBXSourcesBuildPhase section */
		B28613EA2005A41000D11292 /* Sources */ = {
			isa = PBXSourcesBuildPhase;
			buildActionMask = 2147483647;
			files = (
				B2861433200665B700D11292 /* RecommendBookList+CoreDataProperties.swift in Sources */,
				B248F8D52006F9A100B37F3D /* detailViewController.swift in Sources */,
				B286143A2006885F00D11292 /* customCell.swift in Sources */,
				B262ADA420079E7D005A8D86 /* SideMenu.swift in Sources */,
				B23A11CC20A14934009E4CC6 /* Generics.swift in Sources */,
				B28614272006528D00D11292 /* ingCoreData.swift in Sources */,
				B23A11D420A164B2009E4CC6 /* UIDevice+Platform.swift in Sources */,
				B28613FA2005A41000D11292 /* honhaSukidesuka.xcdatamodeld in Sources */,
				B23A11D520A164B2009E4CC6 /* StatusAlert.swift in Sources */,
				B28614232006526500D11292 /* ingLocalImage.swift in Sources */,
				B23A11D620A164B2009E4CC6 /* StatusAlertUtils.swift in Sources */,
				B2861432200665B700D11292 /* RecommendBookList+CoreDataClass.swift in Sources */,
				B28613F22005A41000D11292 /* AppDelegate.swift in Sources */,
				B23A11D320A164B2009E4CC6 /* UIDevice+Blur.swift in Sources */,
				B28614252006527000D11292 /* macro.swift in Sources */,
				B286143820066E1200D11292 /* submitViewController.swift in Sources */,
				B248F8D32006EEC100B37F3D /* CollectionViewController.swift in Sources */,
			);
			runOnlyForDeploymentPostprocessing = 0;
		};
		B28614012005A41000D11292 /* Sources */ = {
			isa = PBXSourcesBuildPhase;
			buildActionMask = 2147483647;
			files = (
				B286140A2005A41000D11292 /* honhaSukidesukaTests.swift in Sources */,
			);
			runOnlyForDeploymentPostprocessing = 0;
		};
		B286140C2005A41100D11292 /* Sources */ = {
			isa = PBXSourcesBuildPhase;
			buildActionMask = 2147483647;
			files = (
				B28614152005A41100D11292 /* honhaSukidesukaUITests.swift in Sources */,
			);
			runOnlyForDeploymentPostprocessing = 0;
		};
/* End PBXSourcesBuildPhase section */

/* Begin PBXTargetDependency section */
		B28614072005A41000D11292 /* PBXTargetDependency */ = {
			isa = PBXTargetDependency;
			target = B28613ED2005A41000D11292 /* honhaSukidesuka */;
			targetProxy = B28614062005A41000D11292 /* PBXContainerItemProxy */;
		};
		B28614122005A41100D11292 /* PBXTargetDependency */ = {
			isa = PBXTargetDependency;
			target = B28613ED2005A41000D11292 /* honhaSukidesuka */;
			targetProxy = B28614112005A41100D11292 /* PBXContainerItemProxy */;
		};
/* End PBXTargetDependency section */

/* Begin PBXVariantGroup section */
		B28613F52005A41000D11292 /* Main.storyboard */ = {
			isa = PBXVariantGroup;
			children = (
				B28613F62005A41000D11292 /* Base */,
			);
			name = Main.storyboard;
			sourceTree = "<group>";
		};
		B28613FD2005A41000D11292 /* LaunchScreen.storyboard */ = {
			isa = PBXVariantGroup;
			children = (
				B28613FE2005A41000D11292 /* Base */,
			);
			name = LaunchScreen.storyboard;
			sourceTree = "<group>";
		};
/* End PBXVariantGroup section */

/* Begin XCBuildConfiguration section */
		B28614172005A41100D11292 /* Debug */ = {
			isa = XCBuildConfiguration;
			buildSettings = {
				ALWAYS_SEARCH_USER_PATHS = NO;
				CLANG_ANALYZER_NONNULL = YES;
				CLANG_ANALYZER_NUMBER_OBJECT_CONVERSION = YES_AGGRESSIVE;
				CLANG_CXX_LANGUAGE_STANDARD = "gnu++14";
				CLANG_CXX_LIBRARY = "libc++";
				CLANG_ENABLE_MODULES = YES;
				CLANG_ENABLE_OBJC_ARC = YES;
				CLANG_WARN_BLOCK_CAPTURE_AUTORELEASING = YES;
				CLANG_WARN_BOOL_CONVERSION = YES;
				CLANG_WARN_COMMA = YES;
				CLANG_WARN_CONSTANT_CONVERSION = YES;
				CLANG_WARN_DIRECT_OBJC_ISA_USAGE = YES_ERROR;
				CLANG_WARN_DOCUMENTATION_COMMENTS = YES;
				CLANG_WARN_EMPTY_BODY = YES;
				CLANG_WARN_ENUM_CONVERSION = YES;
				CLANG_WARN_INFINITE_RECURSION = YES;
				CLANG_WARN_INT_CONVERSION = YES;
				CLANG_WARN_NON_LITERAL_NULL_CONVERSION = YES;
				CLANG_WARN_OBJC_LITERAL_CONVERSION = YES;
				CLANG_WARN_OBJC_ROOT_CLASS = YES_ERROR;
				CLANG_WARN_RANGE_LOOP_ANALYSIS = YES;
				CLANG_WARN_STRICT_PROTOTYPES = YES;
				CLANG_WARN_SUSPICIOUS_MOVE = YES;
				CLANG_WARN_UNGUARDED_AVAILABILITY = YES_AGGRESSIVE;
				CLANG_WARN_UNREACHABLE_CODE = YES;
				CLANG_WARN__DUPLICATE_METHOD_MATCH = YES;
				CODE_SIGN_IDENTITY = "iPhone Developer";
				COPY_PHASE_STRIP = NO;
				DEBUG_INFORMATION_FORMAT = dwarf;
				ENABLE_STRICT_OBJC_MSGSEND = YES;
				ENABLE_TESTABILITY = YES;
				GCC_C_LANGUAGE_STANDARD = gnu11;
				GCC_DYNAMIC_NO_PIC = NO;
				GCC_NO_COMMON_BLOCKS = YES;
				GCC_OPTIMIZATION_LEVEL = 0;
				GCC_PREPROCESSOR_DEFINITIONS = (
					"DEBUG=1",
					"$(inherited)",
				);
				GCC_WARN_64_TO_32_BIT_CONVERSION = YES;
				GCC_WARN_ABOUT_RETURN_TYPE = YES_ERROR;
				GCC_WARN_UNDECLARED_SELECTOR = YES;
				GCC_WARN_UNINITIALIZED_AUTOS = YES_AGGRESSIVE;
				GCC_WARN_UNUSED_FUNCTION = YES;
				GCC_WARN_UNUSED_VARIABLE = YES;
				IPHONEOS_DEPLOYMENT_TARGET = 11.2;
				MTL_ENABLE_DEBUG_INFO = YES;
				ONLY_ACTIVE_ARCH = YES;
				SDKROOT = iphoneos;
				SWIFT_ACTIVE_COMPILATION_CONDITIONS = DEBUG;
				SWIFT_OPTIMIZATION_LEVEL = "-Onone";
			};
			name = Debug;
		};
		B28614182005A41100D11292 /* Release */ = {
			isa = XCBuildConfiguration;
			buildSettings = {
				ALWAYS_SEARCH_USER_PATHS = NO;
				CLANG_ANALYZER_NONNULL = YES;
				CLANG_ANALYZER_NUMBER_OBJECT_CONVERSION = YES_AGGRESSIVE;
				CLANG_CXX_LANGUAGE_STANDARD = "gnu++14";
				CLANG_CXX_LIBRARY = "libc++";
				CLANG_ENABLE_MODULES = YES;
				CLANG_ENABLE_OBJC_ARC = YES;
				CLANG_WARN_BLOCK_CAPTURE_AUTORELEASING = YES;
				CLANG_WARN_BOOL_CONVERSION = YES;
				CLANG_WARN_COMMA = YES;
				CLANG_WARN_CONSTANT_CONVERSION = YES;
				CLANG_WARN_DIRECT_OBJC_ISA_USAGE = YES_ERROR;
				CLANG_WARN_DOCUMENTATION_COMMENTS = YES;
				CLANG_WARN_EMPTY_BODY = YES;
				CLANG_WARN_ENUM_CONVERSION = YES;
				CLANG_WARN_INFINITE_RECURSION = YES;
				CLANG_WARN_INT_CONVERSION = YES;
				CLANG_WARN_NON_LITERAL_NULL_CONVERSION = YES;
				CLANG_WARN_OBJC_LITERAL_CONVERSION = YES;
				CLANG_WARN_OBJC_ROOT_CLASS = YES_ERROR;
				CLANG_WARN_RANGE_LOOP_ANALYSIS = YES;
				CLANG_WARN_STRICT_PROTOTYPES = YES;
				CLANG_WARN_SUSPICIOUS_MOVE = YES;
				CLANG_WARN_UNGUARDED_AVAILABILITY = YES_AGGRESSIVE;
				CLANG_WARN_UNREACHABLE_CODE = YES;
				CLANG_WARN__DUPLICATE_METHOD_MATCH = YES;
				CODE_SIGN_IDENTITY = "iPhone Developer";
				COPY_PHASE_STRIP = NO;
				DEBUG_INFORMATION_FORMAT = "dwarf-with-dsym";
				ENABLE_NS_ASSERTIONS = NO;
				ENABLE_STRICT_OBJC_MSGSEND = YES;
				GCC_C_LANGUAGE_STANDARD = gnu11;
				GCC_NO_COMMON_BLOCKS = YES;
				GCC_WARN_64_TO_32_BIT_CONVERSION = YES;
				GCC_WARN_ABOUT_RETURN_TYPE = YES_ERROR;
				GCC_WARN_UNDECLARED_SELECTOR = YES;
				GCC_WARN_UNINITIALIZED_AUTOS = YES_AGGRESSIVE;
				GCC_WARN_UNUSED_FUNCTION = YES;
				GCC_WARN_UNUSED_VARIABLE = YES;
				IPHONEOS_DEPLOYMENT_TARGET = 11.2;
				MTL_ENABLE_DEBUG_INFO = NO;
				SDKROOT = iphoneos;
				SWIFT_OPTIMIZATION_LEVEL = "-Owholemodule";
				VALIDATE_PRODUCT = YES;
			};
			name = Release;
		};
		B286141A2005A41100D11292 /* Debug */ = {
			isa = XCBuildConfiguration;
			baseConfigurationReference = 436F8C25F349FCD82E9F6AAC /* Pods-honhaSukidesuka.debug.xcconfig */;
			buildSettings = {
				ASSETCATALOG_COMPILER_APPICON_NAME = AppIcon;
				CODE_SIGN_STYLE = Automatic;
				DEVELOPMENT_TEAM = XV8YGZ29G7;
				INFOPLIST_FILE = honhaSukidesuka/Info.plist;
				LD_RUNPATH_SEARCH_PATHS = "$(inherited) @executable_path/Frameworks";
				PRODUCT_BUNDLE_IDENTIFIER = com.yukao.honhaSukidesuka;
				PRODUCT_NAME = "$(TARGET_NAME)";
				SWIFT_VERSION = 4.0;
				TARGETED_DEVICE_FAMILY = "1,2";
			};
			name = Debug;
		};
		B286141B2005A41100D11292 /* Release */ = {
			isa = XCBuildConfiguration;
			baseConfigurationReference = 571C691A935AD5ABC794821F /* Pods-honhaSukidesuka.release.xcconfig */;
			buildSettings = {
				ASSETCATALOG_COMPILER_APPICON_NAME = AppIcon;
				CODE_SIGN_STYLE = Automatic;
				DEVELOPMENT_TEAM = XV8YGZ29G7;
				INFOPLIST_FILE = honhaSukidesuka/Info.plist;
				LD_RUNPATH_SEARCH_PATHS = "$(inherited) @executable_path/Frameworks";
				PRODUCT_BUNDLE_IDENTIFIER = com.yukao.honhaSukidesuka;
				PRODUCT_NAME = "$(TARGET_NAME)";
				SWIFT_VERSION = 4.0;
				TARGETED_DEVICE_FAMILY = "1,2";
			};
			name = Release;
		};
		B286141D2005A41100D11292 /* Debug */ = {
			isa = XCBuildConfiguration;
			baseConfigurationReference = CD454F80A878B313CA04650D /* Pods-honhaSukidesukaTests.debug.xcconfig */;
			buildSettings = {
				ALWAYS_EMBED_SWIFT_STANDARD_LIBRARIES = YES;
				BUNDLE_LOADER = "$(TEST_HOST)";
				CODE_SIGN_STYLE = Automatic;
				DEVELOPMENT_TEAM = XV8YGZ29G7;
				INFOPLIST_FILE = honhaSukidesukaTests/Info.plist;
				LD_RUNPATH_SEARCH_PATHS = "$(inherited) @executable_path/Frameworks @loader_path/Frameworks";
				PRODUCT_BUNDLE_IDENTIFIER = com.yukao.honhaSukidesukaTests;
				PRODUCT_NAME = "$(TARGET_NAME)";
				SWIFT_VERSION = 4.0;
				TARGETED_DEVICE_FAMILY = "1,2";
				TEST_HOST = "$(BUILT_PRODUCTS_DIR)/honhaSukidesuka.app/honhaSukidesuka";
			};
			name = Debug;
		};
		B286141E2005A41100D11292 /* Release */ = {
			isa = XCBuildConfiguration;
			baseConfigurationReference = 138C6474EE53EB079E392212 /* Pods-honhaSukidesukaTests.release.xcconfig */;
			buildSettings = {
				ALWAYS_EMBED_SWIFT_STANDARD_LIBRARIES = YES;
				BUNDLE_LOADER = "$(TEST_HOST)";
				CODE_SIGN_STYLE = Automatic;
				DEVELOPMENT_TEAM = XV8YGZ29G7;
				INFOPLIST_FILE = honhaSukidesukaTests/Info.plist;
				LD_RUNPATH_SEARCH_PATHS = "$(inherited) @executable_path/Frameworks @loader_path/Frameworks";
				PRODUCT_BUNDLE_IDENTIFIER = com.yukao.honhaSukidesukaTests;
				PRODUCT_NAME = "$(TARGET_NAME)";
				SWIFT_VERSION = 4.0;
				TARGETED_DEVICE_FAMILY = "1,2";
				TEST_HOST = "$(BUILT_PRODUCTS_DIR)/honhaSukidesuka.app/honhaSukidesuka";
			};
			name = Release;
		};
		B28614202005A41100D11292 /* Debug */ = {
			isa = XCBuildConfiguration;
			baseConfigurationReference = 2C88AA70DD4DE2E01DB6F2B2 /* Pods-honhaSukidesukaUITests.debug.xcconfig */;
			buildSettings = {
				ALWAYS_EMBED_SWIFT_STANDARD_LIBRARIES = YES;
				CODE_SIGN_STYLE = Automatic;
				DEVELOPMENT_TEAM = XV8YGZ29G7;
				INFOPLIST_FILE = honhaSukidesukaUITests/Info.plist;
				LD_RUNPATH_SEARCH_PATHS = "$(inherited) @executable_path/Frameworks @loader_path/Frameworks";
				PRODUCT_BUNDLE_IDENTIFIER = com.yukao.honhaSukidesukaUITests;
				PRODUCT_NAME = "$(TARGET_NAME)";
				SWIFT_VERSION = 4.0;
				TARGETED_DEVICE_FAMILY = "1,2";
				TEST_TARGET_NAME = honhaSukidesuka;
			};
			name = Debug;
		};
		B28614212005A41100D11292 /* Release */ = {
			isa = XCBuildConfiguration;
			baseConfigurationReference = 6E69105D68232A4B59DBAF20 /* Pods-honhaSukidesukaUITests.release.xcconfig */;
			buildSettings = {
				ALWAYS_EMBED_SWIFT_STANDARD_LIBRARIES = YES;
				CODE_SIGN_STYLE = Automatic;
				DEVELOPMENT_TEAM = XV8YGZ29G7;
				INFOPLIST_FILE = honhaSukidesukaUITests/Info.plist;
				LD_RUNPATH_SEARCH_PATHS = "$(inherited) @executable_path/Frameworks @loader_path/Frameworks";
				PRODUCT_BUNDLE_IDENTIFIER = com.yukao.honhaSukidesukaUITests;
				PRODUCT_NAME = "$(TARGET_NAME)";
				SWIFT_VERSION = 4.0;
				TARGETED_DEVICE_FAMILY = "1,2";
				TEST_TARGET_NAME = honhaSukidesuka;
			};
			name = Release;
		};
/* End XCBuildConfiguration section */

/* Begin XCConfigurationList section */
		B28613E92005A41000D11292 /* Build configuration list for PBXProject "honhaSukidesuka" */ = {
			isa = XCConfigurationList;
			buildConfigurations = (
				B28614172005A41100D11292 /* Debug */,
				B28614182005A41100D11292 /* Release */,
			);
			defaultConfigurationIsVisible = 0;
			defaultConfigurationName = Release;
		};
		B28614192005A41100D11292 /* Build configuration list for PBXNativeTarget "honhaSukidesuka" */ = {
			isa = XCConfigurationList;
			buildConfigurations = (
				B286141A2005A41100D11292 /* Debug */,
				B286141B2005A41100D11292 /* Release */,
			);
			defaultConfigurationIsVisible = 0;
			defaultConfigurationName = Release;
		};
		B286141C2005A41100D11292 /* Build configuration list for PBXNativeTarget "honhaSukidesukaTests" */ = {
			isa = XCConfigurationList;
			buildConfigurations = (
				B286141D2005A41100D11292 /* Debug */,
				B286141E2005A41100D11292 /* Release */,
			);
			defaultConfigurationIsVisible = 0;
			defaultConfigurationName = Release;
		};
		B286141F2005A41100D11292 /* Build configuration list for PBXNativeTarget "honhaSukidesukaUITests" */ = {
			isa = XCConfigurationList;
			buildConfigurations = (
				B28614202005A41100D11292 /* Debug */,
				B28614212005A41100D11292 /* Release */,
			);
			defaultConfigurationIsVisible = 0;
			defaultConfigurationName = Release;
		};
/* End XCConfigurationList section */

/* Begin XCVersionGroup section */
		B28613F82005A41000D11292 /* honhaSukidesuka.xcdatamodeld */ = {
			isa = XCVersionGroup;
			children = (
				B28613F92005A41000D11292 /* honhaSukidesuka.xcdatamodel */,
			);
			currentVersion = B28613F92005A41000D11292 /* honhaSukidesuka.xcdatamodel */;
			path = honhaSukidesuka.xcdatamodeld;
			sourceTree = "<group>";
			versionGroupType = wrapper.xcdatamodel;
		};
/* End XCVersionGroup section */
	};
	rootObject = B28613E62005A41000D11292 /* Project object */;
}
